{
    "name": "@adms-rds-ui/storybook",
    "version": "0.0.1",
    "lockfileVersion": 3,
    "requires": true,
    "packages": {
        "": {
            "name": "@adms-rds-ui/storybook",
            "version": "0.0.1",
            "dependencies": {
                "bootstrap": "^5.3.8",
                "class-variance-authority": "^0.7.1",
                "clsx": "^2.1.1",
                "reka-ui": "^2.8.0",
                "tailwind-merge": "^2.6.1",
                "vue": "^3.5.13"
            },
            "devDependencies": {
                "@storybook/addon-essentials": "^8.4.0",
                "@storybook/addon-links": "^8.4.0",
                "@storybook/blocks": "^8.4.0",
                "@storybook/vue3": "^8.4.0",
                "@storybook/vue3-vite": "^8.4.0",
                "@vitejs/plugin-vue": "^5.2.0",
                "sass": "^1.97.3",
                "storybook": "^8.4.0",
                "vite": "^6.0.0"
            }
        },
        "../../node_modules/.pnpm/@storybook+addon-essentials@8.6.14_@types+react@19.2.10_storybook@8.6.15/node_modules/@storybook/addon-essentials": {
            "version": "8.6.14",
            "dev": true,
            "license": "MIT",
            "dependencies": {
                "@storybook/addon-actions": "8.6.14",
                "@storybook/addon-backgrounds": "8.6.14",
                "@storybook/addon-controls": "8.6.14",
                "@storybook/addon-docs": "8.6.14",
                "@storybook/addon-highlight": "8.6.14",
                "@storybook/addon-measure": "8.6.14",
                "@storybook/addon-outline": "8.6.14",
                "@storybook/addon-toolbars": "8.6.14",
                "@storybook/addon-viewport": "8.6.14",
                "ts-dedent": "^2.0.0"
            },
            "devDependencies": {
                "typescript": "^5.7.3"
            },
            "funding": {
                "type": "opencollective",
                "url": "https://opencollective.com/storybook"
            },
            "peerDependencies": {
                "storybook": "^8.6.14"
            }
        },
        "../../node_modules/.pnpm/@storybook+addon-links@8.6.15_react@19.2.4_storybook@8.6.15/node_modules/@storybook/addon-links": {
            "version": "8.6.15",
            "dev": true,
            "license": "MIT",
            "dependencies": {
                "@storybook/global": "^5.0.0",
                "ts-dedent": "^2.0.0"
            },
            "devDependencies": {
                "typescript": "^5.7.3"
            },
            "funding": {
                "type": "opencollective",
                "url": "https://opencollective.com/storybook"
            },
            "peerDependencies": {
                "react": "^16.8.0 || ^17.0.0 || ^18.0.0 || ^19.0.0-beta",
                "storybook": "^8.6.15"
            },
            "peerDependenciesMeta": {
                "react": {
                    "optional": true
                }
            }
        },
        "../../node_modules/.pnpm/@storybook+blocks@8.6.14_react-dom@19.2.4_react@19.2.4__react@19.2.4_storybook@8.6.15/node_modules/@storybook/blocks": {
            "version": "8.6.14",
            "dev": true,
            "license": "MIT",
            "dependencies": {
                "@storybook/icons": "^1.2.12",
                "ts-dedent": "^2.0.0"
            },
            "devDependencies": {
                "@storybook/addon-actions": "8.6.14",
                "@storybook/react": "8.6.14",
                "@storybook/test": "8.6.14",
                "@types/color-convert": "^2.0.0",
                "color-convert": "^2.0.1",
                "es-toolkit": "^1.22.0",
                "github-slugger": "^2.0.0",
                "markdown-to-jsx": "^7.7.2",
                "memoizerific": "^1.11.3",
                "polished": "^4.2.2",
                "react-colorful": "^5.1.2",
                "telejson": "^7.2.0",
                "tocbot": "^4.20.1"
            },
            "funding": {
                "type": "opencollective",
                "url": "https://opencollective.com/storybook"
            },
            "peerDependencies": {
                "react": "^16.8.0 || ^17.0.0 || ^18.0.0 || ^19.0.0",
                "react-dom": "^16.8.0 || ^17.0.0 || ^18.0.0 || ^19.0.0",
                "storybook": "^8.6.14"
            },
            "peerDependenciesMeta": {
                "react": {
                    "optional": true
                },
                "react-dom": {
                    "optional": true
                }
            }
        },
        "../../node_modules/.pnpm/@storybook+vue3-vite@8.6.15_storybook@8.6.15_vite@6.4.1_@types+node@20.19.30_lightningcss@1.3_3ifqkny3pm4cmpi6szolyzsbvm/node_modules/@storybook/vue3-vite": {
            "version": "8.6.15",
            "dev": true,
            "license": "MIT",
            "dependencies": {
                "@storybook/builder-vite": "8.6.15",
                "@storybook/vue3": "8.6.15",
                "find-package-json": "^1.2.0",
                "magic-string": "^0.30.0",
                "typescript": "^5.7.3",
                "vue-component-meta": "^2.0.0",
                "vue-docgen-api": "^4.75.1"
            },
            "devDependencies": {
                "@types/find-package-json": "^1.2.6",
                "@types/node": "^22.0.0",
                "typescript": "^5.7.3",
                "vite": "^4.0.0"
            },
            "engines": {
                "node": ">=18.0.0"
            },
            "funding": {
                "type": "opencollective",
                "url": "https://opencollective.com/storybook"
            },
            "peerDependencies": {
                "storybook": "^8.6.15",
                "vite": "^4.0.0 || ^5.0.0 || ^6.0.0"
            }
        },
        "../../node_modules/.pnpm/@storybook+vue3@8.6.15_storybook@8.6.15_vue@3.5.27_typescript@5.8.3_/node_modules/@storybook/vue3": {
            "version": "8.6.15",
            "dev": true,
            "license": "MIT",
            "dependencies": {
                "@storybook/components": "8.6.15",
                "@storybook/global": "^5.0.0",
                "@storybook/manager-api": "8.6.15",
                "@storybook/preview-api": "8.6.15",
                "@storybook/theming": "8.6.15",
                "@vue/compiler-core": "^3.0.0",
                "ts-dedent": "^2.0.0",
                "type-fest": "~2.19",
                "vue-component-type-helpers": "latest"
            },
            "devDependencies": {
                "@digitak/esrun": "^3.2.2",
                "@testing-library/vue": "^8.0.0",
                "@types/prettier": "^3.0.0",
                "@vitejs/plugin-vue": "^4.4.0",
                "typescript": "^5.7.3",
                "vue": "^3.2.47",
                "vue-tsc": "latest"
            },
            "engines": {
                "node": ">=18.0.0"
            },
            "funding": {
                "type": "opencollective",
                "url": "https://opencollective.com/storybook"
            },
            "peerDependencies": {
                "storybook": "^8.6.15",
                "vue": "^3.0.0"
            }
        },
        "../../node_modules/.pnpm/@vitejs+plugin-vue@5.2.4_vite@6.4.1_@types+node@20.19.30_lightningcss@1.31.1_sass@1.97.3__vue@3.5.27_typescript@5.8.3_/node_modules/@vitejs/plugin-vue": {
            "version": "5.2.4",
            "dev": true,
            "license": "MIT",
            "devDependencies": {
                "@jridgewell/gen-mapping": "^0.3.8",
                "@jridgewell/trace-mapping": "^0.3.25",
                "debug": "^4.4.0",
                "rollup": "^4.40.2",
                "slash": "^5.1.0",
                "source-map-js": "^1.2.1",
                "vite": "^6.3.5",
                "vue": "^3.5.13"
            },
            "engines": {
                "node": "^18.0.0 || >=20.0.0"
            },
            "peerDependencies": {
                "vite": "^5.0.0 || ^6.0.0",
                "vue": "^3.2.25"
            }
        },
        "../../node_modules/.pnpm/storybook@8.6.15/node_modules/storybook": {
            "version": "8.6.15",
            "dev": true,
            "license": "MIT",
            "dependencies": {
                "@storybook/core": "8.6.15"
            },
            "bin": {
                "getstorybook": "bin/index.cjs",
                "sb": "bin/index.cjs",
                "storybook": "bin/index.cjs"
            },
            "devDependencies": {
                "typescript": "^5.7.3"
            },
            "funding": {
                "type": "opencollective",
                "url": "https://opencollective.com/storybook"
            },
            "peerDependencies": {
                "prettier": "^2 || ^3"
            },
            "peerDependenciesMeta": {
                "prettier": {
                    "optional": true
                }
            }
        },
        "../../node_modules/.pnpm/vite@6.4.1_@types+node@20.19.30_lightningcss@1.31.1_sass@1.97.3/node_modules/vite": {
            "version": "6.4.1",
            "dev": true,
            "license": "MIT",
            "dependencies": {
                "esbuild": "^0.25.0",
                "fdir": "^6.4.4",
                "picomatch": "^4.0.2",
                "postcss": "^8.5.3",
                "rollup": "^4.34.9",
                "tinyglobby": "^0.2.13"
            },
            "bin": {
                "vite": "bin/vite.js"
            },
            "devDependencies": {
                "@ampproject/remapping": "^2.3.0",
                "@babel/parser": "^7.27.0",
                "@jridgewell/trace-mapping": "^0.3.25",
                "@polka/compression": "^1.0.0-next.25",
                "@rollup/plugin-alias": "^5.1.1",
                "@rollup/plugin-commonjs": "^28.0.3",
                "@rollup/plugin-dynamic-import-vars": "2.1.4",
                "@rollup/plugin-json": "^6.1.0",
                "@rollup/plugin-node-resolve": "16.0.1",
                "@rollup/pluginutils": "^5.1.4",
                "@types/escape-html": "^1.0.4",
                "@types/pnpapi": "^0.0.5",
                "artichokie": "^0.3.1",
                "cac": "^6.7.14",
                "chokidar": "^3.6.0",
                "connect": "^3.7.0",
                "convert-source-map": "^2.0.0",
                "cors": "^2.8.5",
                "cross-spawn": "^7.0.6",
                "debug": "^4.4.0",
                "dep-types": "link:./src/types",
                "dotenv": "^16.5.0",
                "dotenv-expand": "^12.0.2",
                "es-module-lexer": "^1.6.0",
                "escape-html": "^1.0.3",
                "estree-walker": "^3.0.3",
                "etag": "^1.8.1",
                "http-proxy": "^1.18.1",
                "launch-editor-middleware": "^2.10.0",
                "lightningcss": "^1.29.3",
                "magic-string": "^0.30.17",
                "mlly": "^1.7.4",
                "mrmime": "^2.0.1",
                "nanoid": "^5.1.5",
                "open": "^10.1.1",
                "parse5": "^7.2.1",
                "pathe": "^2.0.3",
                "periscopic": "^4.0.2",
                "picocolors": "^1.1.1",
                "postcss-import": "^16.1.0",
                "postcss-load-config": "^6.0.1",
                "postcss-modules": "^6.0.1",
                "resolve.exports": "^2.0.3",
                "rollup-plugin-dts": "^6.2.1",
                "rollup-plugin-esbuild": "^6.2.1",
                "rollup-plugin-license": "^3.6.0",
                "sass": "^1.86.3",
                "sass-embedded": "^1.86.3",
                "sirv": "^3.0.2",
                "source-map-support": "^0.5.21",
                "strip-literal": "^3.0.0",
                "terser": "^5.39.0",
                "tsconfck": "^3.1.5",
                "tslib": "^2.8.1",
                "types": "link:./types",
                "ufo": "^1.6.1",
                "ws": "^8.18.1"
            },
            "engines": {
                "node": "^18.0.0 || ^20.0.0 || >=22.0.0"
            },
            "funding": {
                "url": "https://github.com/vitejs/vite?sponsor=1"
            },
            "optionalDependencies": {
                "fsevents": "~2.3.3"
            },
            "peerDependencies": {
                "@types/node": "^18.0.0 || ^20.0.0 || >=22.0.0",
                "jiti": ">=1.21.0",
                "less": "*",
                "lightningcss": "^1.21.0",
                "sass": "*",
                "sass-embedded": "*",
                "stylus": "*",
                "sugarss": "*",
                "terser": "^5.16.0",
                "tsx": "^4.8.1",
                "yaml": "^2.4.2"
            },
            "peerDependenciesMeta": {
                "@types/node": {
                    "optional": true
                },
                "jiti": {
                    "optional": true
                },
                "less": {
                    "optional": true
                },
                "lightningcss": {
                    "optional": true
                },
                "sass": {
                    "optional": true
                },
                "sass-embedded": {
                    "optional": true
                },
                "stylus": {
                    "optional": true
                },
                "sugarss": {
                    "optional": true
                },
                "terser": {
                    "optional": true
                },
                "tsx": {
                    "optional": true
                },
                "yaml": {
                    "optional": true
                }
            }
        },
        "../../node_modules/.pnpm/vue@3.5.27_typescript@5.8.3/node_modules/vue": {
            "version": "3.5.27",
            "license": "MIT",
            "dependencies": {
                "@vue/compiler-dom": "3.5.27",
                "@vue/compiler-sfc": "3.5.27",
                "@vue/runtime-dom": "3.5.27",
                "@vue/server-renderer": "3.5.27",
                "@vue/shared": "3.5.27"
            },
            "peerDependencies": {
                "typescript": "*"
            },
            "peerDependenciesMeta": {
                "typescript": {
                    "optional": true
                }
            }
        },
        "node_modules/@floating-ui/core": {
            "version": "1.7.4",
            "resolved": "https://registry.npmjs.org/@floating-ui/core/-/core-1.7.4.tgz",
            "integrity": "sha512-C3HlIdsBxszvm5McXlB8PeOEWfBhcGBTZGkGlWc2U0KFY5IwG5OQEuQ8rq52DZmcHDlPLd+YFBK+cZcytwIFWg==",
            "license": "MIT",
            "dependencies": {
                "@floating-ui/utils": "^0.2.10"
            }
        },
        "node_modules/@floating-ui/dom": {
            "version": "1.7.5",
            "resolved": "https://registry.npmjs.org/@floating-ui/dom/-/dom-1.7.5.tgz",
            "integrity": "sha512-N0bD2kIPInNHUHehXhMke1rBGs1dwqvC9O9KYMyyjK7iXt7GAhnro7UlcuYcGdS/yYOlq0MAVgrow8IbWJwyqg==",
            "license": "MIT",
            "dependencies": {
                "@floating-ui/core": "^1.7.4",
                "@floating-ui/utils": "^0.2.10"
            }
        },
        "node_modules/@floating-ui/utils": {
            "version": "0.2.10",
            "resolved": "https://registry.npmjs.org/@floating-ui/utils/-/utils-0.2.10.tgz",
            "integrity": "sha512-aGTxbpbg8/b5JfU1HXSrbH3wXZuLPJcNEcZQFMxLs3oSzgtVu6nFPkbbGGUvBcUjKV2YyB9Wxxabo+HEH9tcRQ==",
            "license": "MIT"
        },
        "node_modules/@floating-ui/vue": {
            "version": "1.1.10",
            "resolved": "https://registry.npmjs.org/@floating-ui/vue/-/vue-1.1.10.tgz",
            "integrity": "sha512-vdf8f6rHnFPPLRsmL4p12wYl+Ux4mOJOkjzKEMYVnwdf7UFdvBtHlLvQyx8iKG5vhPRbDRgZxdtpmyigDPjzYg==",
            "license": "MIT",
            "dependencies": {
                "@floating-ui/dom": "^1.7.5",
                "@floating-ui/utils": "^0.2.10",
                "vue-demi": ">=0.13.0"
            }
        },
        "node_modules/@floating-ui/vue/node_modules/vue-demi": {
            "version": "0.14.10",
            "resolved": "https://registry.npmjs.org/vue-demi/-/vue-demi-0.14.10.tgz",
            "integrity": "sha512-nMZBOwuzabUO0nLgIcc6rycZEebF6eeUfaiQx9+WSk8e29IbLvPU9feI6tqW4kTo3hvoYAJkMh8n8D0fuISphg==",
            "hasInstallScript": true,
            "license": "MIT",
            "bin": {
                "vue-demi-fix": "bin/vue-demi-fix.js",
                "vue-demi-switch": "bin/vue-demi-switch.js"
            },
            "engines": {
                "node": ">=12"
            },
            "funding": {
                "url": "https://github.com/sponsors/antfu"
            },
            "peerDependencies": {
                "@vue/composition-api": "^1.0.0-rc.1",
                "vue": "^3.0.0-0 || ^2.6.0"
            },
            "peerDependenciesMeta": {
                "@vue/composition-api": {
                    "optional": true
                }
            }
        },
        "node_modules/@internationalized/date": {
            "version": "3.10.1",
            "resolved": "https://registry.npmjs.org/@internationalized/date/-/date-3.10.1.tgz",
            "integrity": "sha512-oJrXtQiAXLvT9clCf1K4kxp3eKsQhIaZqxEyowkBcsvZDdZkbWrVmnGknxs5flTD0VGsxrxKgBCZty1EzoiMzA==",
            "license": "Apache-2.0",
            "dependencies": {
                "@swc/helpers": "^0.5.0"
            }
        },
        "node_modules/@internationalized/number": {
            "version": "3.6.5",
            "resolved": "https://registry.npmjs.org/@internationalized/number/-/number-3.6.5.tgz",
            "integrity": "sha512-6hY4Kl4HPBvtfS62asS/R22JzNNy8vi/Ssev7x6EobfCp+9QIB2hKvI2EtbdJ0VSQacxVNtqhE/NmF/NZ0gm6g==",
            "license": "Apache-2.0",
            "dependencies": {
                "@swc/helpers": "^0.5.0"
            }
        },
        "node_modules/@parcel/watcher": {
            "version": "2.5.6",
            "resolved": "https://registry.npmjs.org/@parcel/watcher/-/watcher-2.5.6.tgz",
            "integrity": "sha512-tmmZ3lQxAe/k/+rNnXQRawJ4NjxO2hqiOLTHvWchtGZULp4RyFeh6aU4XdOYBFe2KE1oShQTv4AblOs2iOrNnQ==",
            "dev": true,
            "hasInstallScript": true,
            "license": "MIT",
            "optional": true,
            "dependencies": {
                "detect-libc": "^2.0.3",
                "is-glob": "^4.0.3",
                "node-addon-api": "^7.0.0",
                "picomatch": "^4.0.3"
            },
            "engines": {
                "node": ">= 10.0.0"
            },
            "funding": {
                "type": "opencollective",
                "url": "https://opencollective.com/parcel"
            },
            "optionalDependencies": {
                "@parcel/watcher-android-arm64": "2.5.6",
                "@parcel/watcher-darwin-arm64": "2.5.6",
                "@parcel/watcher-darwin-x64": "2.5.6",
                "@parcel/watcher-freebsd-x64": "2.5.6",
                "@parcel/watcher-linux-arm-glibc": "2.5.6",
                "@parcel/watcher-linux-arm-musl": "2.5.6",
                "@parcel/watcher-linux-arm64-glibc": "2.5.6",
                "@parcel/watcher-linux-arm64-musl": "2.5.6",
                "@parcel/watcher-linux-x64-glibc": "2.5.6",
                "@parcel/watcher-linux-x64-musl": "2.5.6",
                "@parcel/watcher-win32-arm64": "2.5.6",
                "@parcel/watcher-win32-ia32": "2.5.6",
                "@parcel/watcher-win32-x64": "2.5.6"
            }
        },
        "node_modules/@parcel/watcher-android-arm64": {
            "version": "2.5.6",
            "resolved": "https://registry.npmjs.org/@parcel/watcher-android-arm64/-/watcher-android-arm64-2.5.6.tgz",
            "integrity": "sha512-YQxSS34tPF/6ZG7r/Ih9xy+kP/WwediEUsqmtf0cuCV5TPPKw/PQHRhueUo6JdeFJaqV3pyjm0GdYjZotbRt/A==",
            "cpu": [
                "arm64"
            ],
            "dev": true,
            "license": "MIT",
            "optional": true,
            "os": [
                "android"
            ],
            "engines": {
                "node": ">= 10.0.0"
            },
            "funding": {
                "type": "opencollective",
                "url": "https://opencollective.com/parcel"
            }
        },
        "node_modules/@parcel/watcher-darwin-arm64": {
            "version": "2.5.6",
            "resolved": "https://registry.npmjs.org/@parcel/watcher-darwin-arm64/-/watcher-darwin-arm64-2.5.6.tgz",
            "integrity": "sha512-Z2ZdrnwyXvvvdtRHLmM4knydIdU9adO3D4n/0cVipF3rRiwP+3/sfzpAwA/qKFL6i1ModaabkU7IbpeMBgiVEA==",
            "cpu": [
                "arm64"
            ],
            "dev": true,
            "license": "MIT",
            "optional": true,
            "os": [
                "darwin"
            ],
            "engines": {
                "node": ">= 10.0.0"
            },
            "funding": {
                "type": "opencollective",
                "url": "https://opencollective.com/parcel"
            }
        },
        "node_modules/@parcel/watcher-darwin-x64": {
            "version": "2.5.6",
            "resolved": "https://registry.npmjs.org/@parcel/watcher-darwin-x64/-/watcher-darwin-x64-2.5.6.tgz",
            "integrity": "sha512-HgvOf3W9dhithcwOWX9uDZyn1lW9R+7tPZ4sug+NGrGIo4Rk1hAXLEbcH1TQSqxts0NYXXlOWqVpvS1SFS4fRg==",
            "cpu": [
                "x64"
            ],
            "dev": true,
            "license": "MIT",
            "optional": true,
            "os": [
                "darwin"
            ],
            "engines": {
                "node": ">= 10.0.0"
            },
            "funding": {
                "type": "opencollective",
                "url": "https://opencollective.com/parcel"
            }
        },
        "node_modules/@parcel/watcher-freebsd-x64": {
            "version": "2.5.6",
            "resolved": "https://registry.npmjs.org/@parcel/watcher-freebsd-x64/-/watcher-freebsd-x64-2.5.6.tgz",
            "integrity": "sha512-vJVi8yd/qzJxEKHkeemh7w3YAn6RJCtYlE4HPMoVnCpIXEzSrxErBW5SJBgKLbXU3WdIpkjBTeUNtyBVn8TRng==",
            "cpu": [
                "x64"
            ],
            "dev": true,
            "license": "MIT",
            "optional": true,
            "os": [
                "freebsd"
            ],
            "engines": {
                "node": ">= 10.0.0"
            },
            "funding": {
                "type": "opencollective",
                "url": "https://opencollective.com/parcel"
            }
        },
        "node_modules/@parcel/watcher-linux-arm-glibc": {
            "version": "2.5.6",
            "resolved": "https://registry.npmjs.org/@parcel/watcher-linux-arm-glibc/-/watcher-linux-arm-glibc-2.5.6.tgz",
            "integrity": "sha512-9JiYfB6h6BgV50CCfasfLf/uvOcJskMSwcdH1PHH9rvS1IrNy8zad6IUVPVUfmXr+u+Km9IxcfMLzgdOudz9EQ==",
            "cpu": [
                "arm"
            ],
            "dev": true,
            "license": "MIT",
            "optional": true,
            "os": [
                "linux"
            ],
            "engines": {
                "node": ">= 10.0.0"
            },
            "funding": {
                "type": "opencollective",
                "url": "https://opencollective.com/parcel"
            }
        },
        "node_modules/@parcel/watcher-linux-arm-musl": {
            "version": "2.5.6",
            "resolved": "https://registry.npmjs.org/@parcel/watcher-linux-arm-musl/-/watcher-linux-arm-musl-2.5.6.tgz",
            "integrity": "sha512-Ve3gUCG57nuUUSyjBq/MAM0CzArtuIOxsBdQ+ftz6ho8n7s1i9E1Nmk/xmP323r2YL0SONs1EuwqBp2u1k5fxg==",
            "cpu": [
                "arm"
            ],
            "dev": true,
            "license": "MIT",
            "optional": true,
            "os": [
                "linux"
            ],
            "engines": {
                "node": ">= 10.0.0"
            },
            "funding": {
                "type": "opencollective",
                "url": "https://opencollective.com/parcel"
            }
        },
        "node_modules/@parcel/watcher-linux-arm64-glibc": {
            "version": "2.5.6",
            "resolved": "https://registry.npmjs.org/@parcel/watcher-linux-arm64-glibc/-/watcher-linux-arm64-glibc-2.5.6.tgz",
            "integrity": "sha512-f2g/DT3NhGPdBmMWYoxixqYr3v/UXcmLOYy16Bx0TM20Tchduwr4EaCbmxh1321TABqPGDpS8D/ggOTaljijOA==",
            "cpu": [
                "arm64"
            ],
            "dev": true,
            "license": "MIT",
            "optional": true,
            "os": [
                "linux"
            ],
            "engines": {
                "node": ">= 10.0.0"
            },
            "funding": {
                "type": "opencollective",
                "url": "https://opencollective.com/parcel"
            }
        },
        "node_modules/@parcel/watcher-linux-arm64-musl": {
            "version": "2.5.6",
            "resolved": "https://registry.npmjs.org/@parcel/watcher-linux-arm64-musl/-/watcher-linux-arm64-musl-2.5.6.tgz",
            "integrity": "sha512-qb6naMDGlbCwdhLj6hgoVKJl2odL34z2sqkC7Z6kzir8b5W65WYDpLB6R06KabvZdgoHI/zxke4b3zR0wAbDTA==",
            "cpu": [
                "arm64"
            ],
            "dev": true,
            "license": "MIT",
            "optional": true,
            "os": [
                "linux"
            ],
            "engines": {
                "node": ">= 10.0.0"
            },
            "funding": {
                "type": "opencollective",
                "url": "https://opencollective.com/parcel"
            }
        },
        "node_modules/@parcel/watcher-linux-x64-glibc": {
            "version": "2.5.6",
            "resolved": "https://registry.npmjs.org/@parcel/watcher-linux-x64-glibc/-/watcher-linux-x64-glibc-2.5.6.tgz",
            "integrity": "sha512-kbT5wvNQlx7NaGjzPFu8nVIW1rWqV780O7ZtkjuWaPUgpv2NMFpjYERVi0UYj1msZNyCzGlaCWEtzc+exjMGbQ==",
            "cpu": [
                "x64"
            ],
            "dev": true,
            "license": "MIT",
            "optional": true,
            "os": [
                "linux"
            ],
            "engines": {
                "node": ">= 10.0.0"
            },
            "funding": {
                "type": "opencollective",
                "url": "https://opencollective.com/parcel"
            }
        },
        "node_modules/@parcel/watcher-linux-x64-musl": {
            "version": "2.5.6",
            "resolved": "https://registry.npmjs.org/@parcel/watcher-linux-x64-musl/-/watcher-linux-x64-musl-2.5.6.tgz",
            "integrity": "sha512-1JRFeC+h7RdXwldHzTsmdtYR/Ku8SylLgTU/reMuqdVD7CtLwf0VR1FqeprZ0eHQkO0vqsbvFLXUmYm/uNKJBg==",
            "cpu": [
                "x64"
            ],
            "dev": true,
            "license": "MIT",
            "optional": true,
            "os": [
                "linux"
            ],
            "engines": {
                "node": ">= 10.0.0"
            },
            "funding": {
                "type": "opencollective",
                "url": "https://opencollective.com/parcel"
            }
        },
        "node_modules/@parcel/watcher-win32-arm64": {
            "version": "2.5.6",
            "resolved": "https://registry.npmjs.org/@parcel/watcher-win32-arm64/-/watcher-win32-arm64-2.5.6.tgz",
            "integrity": "sha512-3ukyebjc6eGlw9yRt678DxVF7rjXatWiHvTXqphZLvo7aC5NdEgFufVwjFfY51ijYEWpXbqF5jtrK275z52D4Q==",
            "cpu": [
                "arm64"
            ],
            "dev": true,
            "license": "MIT",
            "optional": true,
            "os": [
                "win32"
            ],
            "engines": {
                "node": ">= 10.0.0"
            },
            "funding": {
                "type": "opencollective",
                "url": "https://opencollective.com/parcel"
            }
        },
        "node_modules/@parcel/watcher-win32-ia32": {
            "version": "2.5.6",
            "resolved": "https://registry.npmjs.org/@parcel/watcher-win32-ia32/-/watcher-win32-ia32-2.5.6.tgz",
            "integrity": "sha512-k35yLp1ZMwwee3Ez/pxBi5cf4AoBKYXj00CZ80jUz5h8prpiaQsiRPKQMxoLstNuqe2vR4RNPEAEcjEFzhEz/g==",
            "cpu": [
                "ia32"
            ],
            "dev": true,
            "license": "MIT",
            "optional": true,
            "os": [
                "win32"
            ],
            "engines": {
                "node": ">= 10.0.0"
            },
            "funding": {
                "type": "opencollective",
                "url": "https://opencollective.com/parcel"
            }
        },
        "node_modules/@parcel/watcher-win32-x64": {
            "version": "2.5.6",
            "resolved": "https://registry.npmjs.org/@parcel/watcher-win32-x64/-/watcher-win32-x64-2.5.6.tgz",
            "integrity": "sha512-hbQlYcCq5dlAX9Qx+kFb0FHue6vbjlf0FrNzSKdYK2APUf7tGfGxQCk2ihEREmbR6ZMc0MVAD5RIX/41gpUzTw==",
            "cpu": [
                "x64"
            ],
            "dev": true,
            "license": "MIT",
            "optional": true,
            "os": [
                "win32"
            ],
            "engines": {
                "node": ">= 10.0.0"
            },
            "funding": {
                "type": "opencollective",
                "url": "https://opencollective.com/parcel"
            }
        },
        "node_modules/@popperjs/core": {
            "version": "2.11.8",
            "resolved": "https://registry.npmjs.org/@popperjs/core/-/core-2.11.8.tgz",
            "integrity": "sha512-P1st0aksCrn9sGZhp8GMYwBnQsbvAWsZAX44oXNNvLHGqAOcoVxmjZiohstwQ7SqKnbR47akdNi+uleWD8+g6A==",
            "license": "MIT",
            "peer": true,
            "funding": {
                "type": "opencollective",
                "url": "https://opencollective.com/popperjs"
            }
        },
        "node_modules/@storybook/addon-essentials": {
            "resolved": "../../node_modules/.pnpm/@storybook+addon-essentials@8.6.14_@types+react@19.2.10_storybook@8.6.15/node_modules/@storybook/addon-essentials",
            "link": true
        },
        "node_modules/@storybook/addon-links": {
            "resolved": "../../node_modules/.pnpm/@storybook+addon-links@8.6.15_react@19.2.4_storybook@8.6.15/node_modules/@storybook/addon-links",
            "link": true
        },
        "node_modules/@storybook/blocks": {
            "resolved": "../../node_modules/.pnpm/@storybook+blocks@8.6.14_react-dom@19.2.4_react@19.2.4__react@19.2.4_storybook@8.6.15/node_modules/@storybook/blocks",
            "link": true
        },
        "node_modules/@storybook/vue3": {
            "resolved": "../../node_modules/.pnpm/@storybook+vue3@8.6.15_storybook@8.6.15_vue@3.5.27_typescript@5.8.3_/node_modules/@storybook/vue3",
            "link": true
        },
        "node_modules/@storybook/vue3-vite": {
            "resolved": "../../node_modules/.pnpm/@storybook+vue3-vite@8.6.15_storybook@8.6.15_vite@6.4.1_@types+node@20.19.30_lightningcss@1.3_3ifqkny3pm4cmpi6szolyzsbvm/node_modules/@storybook/vue3-vite",
            "link": true
        },
        "node_modules/@swc/helpers": {
            "version": "0.5.18",
            "resolved": "https://registry.npmjs.org/@swc/helpers/-/helpers-0.5.18.tgz",
            "integrity": "sha512-TXTnIcNJQEKwThMMqBXsZ4VGAza6bvN4pa41Rkqoio6QBKMvo+5lexeTMScGCIxtzgQJzElcvIltani+adC5PQ==",
            "license": "Apache-2.0",
            "dependencies": {
                "tslib": "^2.8.0"
            }
        },
        "node_modules/@tanstack/virtual-core": {
            "version": "3.13.18",
            "resolved": "https://registry.npmjs.org/@tanstack/virtual-core/-/virtual-core-3.13.18.tgz",
            "integrity": "sha512-Mx86Hqu1k39icq2Zusq+Ey2J6dDWTjDvEv43PJtRCoEYTLyfaPnxIQ6iy7YAOK0NV/qOEmZQ/uCufrppZxTgcg==",
            "license": "MIT",
            "funding": {
                "type": "github",
                "url": "https://github.com/sponsors/tannerlinsley"
            }
        },
        "node_modules/@tanstack/vue-virtual": {
            "version": "3.13.18",
            "resolved": "https://registry.npmjs.org/@tanstack/vue-virtual/-/vue-virtual-3.13.18.tgz",
            "integrity": "sha512-6pT8HdHtTU5Z+t906cGdCroUNA5wHjFXsNss9gwk7QAr1VNZtz9IQCs2Nhx0gABK48c+OocHl2As+TMg8+Hy4A==",
            "license": "MIT",
            "dependencies": {
                "@tanstack/virtual-core": "3.13.18"
            },
            "funding": {
                "type": "github",
                "url": "https://github.com/sponsors/tannerlinsley"
            },
            "peerDependencies": {
                "vue": "^2.7.0 || ^3.0.0"
            }
        },
        "node_modules/@types/web-bluetooth": {
            "version": "0.0.21",
            "resolved": "https://registry.npmjs.org/@types/web-bluetooth/-/web-bluetooth-0.0.21.tgz",
            "integrity": "sha512-oIQLCGWtcFZy2JW77j9k8nHzAOpqMHLQejDA48XXMWH6tjCQHz5RCFz1bzsmROyL6PUm+LLnUiI4BCn221inxA==",
            "license": "MIT"
        },
        "node_modules/@vitejs/plugin-vue": {
            "resolved": "../../node_modules/.pnpm/@vitejs+plugin-vue@5.2.4_vite@6.4.1_@types+node@20.19.30_lightningcss@1.31.1_sass@1.97.3__vue@3.5.27_typescript@5.8.3_/node_modules/@vitejs/plugin-vue",
            "link": true
        },
        "node_modules/@vueuse/core": {
            "version": "14.2.0",
            "resolved": "https://registry.npmjs.org/@vueuse/core/-/core-14.2.0.tgz",
            "integrity": "sha512-tpjzVl7KCQNVd/qcaCE9XbejL38V6KJAEq/tVXj7mDPtl6JtzmUdnXelSS+ULRkkrDgzYVK7EerQJvd2jR794Q==",
            "license": "MIT",
            "dependencies": {
                "@types/web-bluetooth": "^0.0.21",
                "@vueuse/metadata": "14.2.0",
                "@vueuse/shared": "14.2.0"
            },
            "funding": {
                "url": "https://github.com/sponsors/antfu"
            },
            "peerDependencies": {
                "vue": "^3.5.0"
            }
        },
        "node_modules/@vueuse/metadata": {
            "version": "14.2.0",
            "resolved": "https://registry.npmjs.org/@vueuse/metadata/-/metadata-14.2.0.tgz",
            "integrity": "sha512-i3axTGjU8b13FtyR4Keeama+43iD+BwX9C2TmzBVKqjSHArF03hjkp2SBZ1m72Jk2UtrX0aYCugBq2R1fhkuAQ==",
            "license": "MIT",
            "funding": {
                "url": "https://github.com/sponsors/antfu"
            }
        },
        "node_modules/@vueuse/shared": {
            "version": "14.2.0",
            "resolved": "https://registry.npmjs.org/@vueuse/shared/-/shared-14.2.0.tgz",
            "integrity": "sha512-Z0bmluZTlAXgUcJ4uAFaML16JcD8V0QG00Db3quR642I99JXIDRa2MI2LGxiLVhcBjVnL1jOzIvT5TT2lqJlkA==",
            "license": "MIT",
            "funding": {
                "url": "https://github.com/sponsors/antfu"
            },
            "peerDependencies": {
                "vue": "^3.5.0"
            }
        },
        "node_modules/aria-hidden": {
            "version": "1.2.6",
            "resolved": "https://registry.npmjs.org/aria-hidden/-/aria-hidden-1.2.6.tgz",
            "integrity": "sha512-ik3ZgC9dY/lYVVM++OISsaYDeg1tb0VtP5uL3ouh1koGOaUMDPpbFIei4JkFimWUFPn90sbMNMXQAIVOlnYKJA==",
            "license": "MIT",
            "dependencies": {
                "tslib": "^2.0.0"
            },
            "engines": {
                "node": ">=10"
            }
        },
        "node_modules/bootstrap": {
            "version": "5.3.8",
            "resolved": "https://registry.npmjs.org/bootstrap/-/bootstrap-5.3.8.tgz",
            "integrity": "sha512-HP1SZDqaLDPwsNiqRqi5NcP0SSXciX2s9E+RyqJIIqGo+vJeN5AJVM98CXmW/Wux0nQ5L7jeWUdplCEf0Ee+tg==",
            "funding": [
                {
                    "type": "github",
                    "url": "https://github.com/sponsors/twbs"
                },
                {
                    "type": "opencollective",
                    "url": "https://opencollective.com/bootstrap"
                }
            ],
            "license": "MIT",
            "peerDependencies": {
                "@popperjs/core": "^2.11.8"
            }
        },
        "node_modules/chokidar": {
            "version": "4.0.3",
            "resolved": "https://registry.npmjs.org/chokidar/-/chokidar-4.0.3.tgz",
            "integrity": "sha512-Qgzu8kfBvo+cA4962jnP1KkS6Dop5NS6g7R5LFYJr4b8Ub94PPQXUksCw9PvXoeXPRRddRNC5C1JQUR2SMGtnA==",
            "dev": true,
            "license": "MIT",
            "dependencies": {
                "readdirp": "^4.0.1"
            },
            "engines": {
                "node": ">= 14.16.0"
            },
            "funding": {
                "url": "https://paulmillr.com/funding/"
            }
        },
        "node_modules/class-variance-authority": {
            "version": "0.7.1",
            "resolved": "https://registry.npmjs.org/class-variance-authority/-/class-variance-authority-0.7.1.tgz",
            "integrity": "sha512-Ka+9Trutv7G8M6WT6SeiRWz792K5qEqIGEGzXKhAE6xOWAY6pPH8U+9IY3oCMv6kqTmLsv7Xh/2w2RigkePMsg==",
            "license": "Apache-2.0",
            "dependencies": {
                "clsx": "^2.1.1"
            },
            "funding": {
                "url": "https://polar.sh/cva"
            }
        },
        "node_modules/clsx": {
            "version": "2.1.1",
            "resolved": "https://registry.npmjs.org/clsx/-/clsx-2.1.1.tgz",
            "integrity": "sha512-eYm0QWBtUrBWZWG0d386OGAw16Z995PiOVo2B7bjWSbHedGl5e0ZWaq65kOGgUSNesEIDkB9ISbTg/JK9dhCZA==",
            "license": "MIT",
            "engines": {
                "node": ">=6"
            }
        },
        "node_modules/defu": {
            "version": "6.1.4",
            "resolved": "https://registry.npmjs.org/defu/-/defu-6.1.4.tgz",
            "integrity": "sha512-mEQCMmwJu317oSz8CwdIOdwf3xMif1ttiM8LTufzc3g6kR+9Pe236twL8j3IYT1F7GfRgGcW6MWxzZjLIkuHIg==",
            "license": "MIT"
        },
        "node_modules/detect-libc": {
            "version": "2.1.2",
            "resolved": "https://registry.npmjs.org/detect-libc/-/detect-libc-2.1.2.tgz",
            "integrity": "sha512-Btj2BOOO83o3WyH59e8MgXsxEQVcarkUOpEYrubB0urwnN10yQ364rsiByU11nZlqWYZm05i/of7io4mzihBtQ==",
            "dev": true,
            "license": "Apache-2.0",
            "optional": true,
            "engines": {
                "node": ">=8"
            }
        },
        "node_modules/immutable": {
            "version": "5.1.4",
            "resolved": "https://registry.npmjs.org/immutable/-/immutable-5.1.4.tgz",
            "integrity": "sha512-p6u1bG3YSnINT5RQmx/yRZBpenIl30kVxkTLDyHLIMk0gict704Q9n+thfDI7lTRm9vXdDYutVzXhzcThxTnXA==",
            "dev": true,
            "license": "MIT"
        },
        "node_modules/is-extglob": {
            "version": "2.1.1",
            "resolved": "https://registry.npmjs.org/is-extglob/-/is-extglob-2.1.1.tgz",
            "integrity": "sha512-SbKbANkN603Vi4jEZv49LeVJMn4yGwsbzZworEoyEiutsN3nJYdbO36zfhGJ6QEDpOZIFkDtnq5JRxmvl3jsoQ==",
            "dev": true,
            "license": "MIT",
            "optional": true,
            "engines": {
                "node": ">=0.10.0"
            }
        },
        "node_modules/is-glob": {
            "version": "4.0.3",
            "resolved": "https://registry.npmjs.org/is-glob/-/is-glob-4.0.3.tgz",
            "integrity": "sha512-xelSayHH36ZgE7ZWhli7pW34hNbNl8Ojv5KVmkJD4hBdD3th8Tfk9vYasLM+mXWOZhFkgZfxhLSnrwRr4elSSg==",
            "dev": true,
            "license": "MIT",
            "optional": true,
            "dependencies": {
                "is-extglob": "^2.1.1"
            },
            "engines": {
                "node": ">=0.10.0"
            }
        },
        "node_modules/node-addon-api": {
            "version": "7.1.1",
            "resolved": "https://registry.npmjs.org/node-addon-api/-/node-addon-api-7.1.1.tgz",
            "integrity": "sha512-5m3bsyrjFWE1xf7nz7YXdN4udnVtXK6/Yfgn5qnahL6bCkf2yKt4k3nuTKAtT4r3IG8JNR2ncsIMdZuAzJjHQQ==",
            "dev": true,
            "license": "MIT",
            "optional": true
        },
        "node_modules/ohash": {
            "version": "2.0.11",
            "resolved": "https://registry.npmjs.org/ohash/-/ohash-2.0.11.tgz",
            "integrity": "sha512-RdR9FQrFwNBNXAr4GixM8YaRZRJ5PUWbKYbE5eOsrwAjJW0q2REGcf79oYPsLyskQCZG1PLN+S/K1V00joZAoQ==",
            "license": "MIT"
        },
        "node_modules/picomatch": {
            "version": "4.0.3",
            "resolved": "https://registry.npmjs.org/picomatch/-/picomatch-4.0.3.tgz",
            "integrity": "sha512-5gTmgEY/sqK6gFXLIsQNH19lWb4ebPDLA4SdLP7dsWkIXHWlG66oPuVvXSGFPppYZz8ZDZq0dYYrbHfBCVUb1Q==",
            "dev": true,
            "license": "MIT",
            "optional": true,
            "engines": {
                "node": ">=12"
            },
            "funding": {
                "url": "https://github.com/sponsors/jonschlinkert"
            }
        },
        "node_modules/readdirp": {
            "version": "4.1.2",
            "resolved": "https://registry.npmjs.org/readdirp/-/readdirp-4.1.2.tgz",
            "integrity": "sha512-GDhwkLfywWL2s6vEjyhri+eXmfH6j1L7JE27WhqLeYzoh/A3DBaYGEj2H/HFZCn/kMfim73FXxEJTw06WtxQwg==",
            "dev": true,
            "license": "MIT",
            "engines": {
                "node": ">= 14.18.0"
            },
            "funding": {
                "type": "individual",
                "url": "https://paulmillr.com/funding/"
            }
        },
        "node_modules/reka-ui": {
            "version": "2.8.0",
            "resolved": "https://registry.npmjs.org/reka-ui/-/reka-ui-2.8.0.tgz",
            "integrity": "sha512-N4JOyIrmDE7w2i06WytqcV2QICubtS2PsK5Uo8FIMAgmO13KhUAgAByP26cXjjm2oF/w7rTyRs8YaqtvaBT+SA==",
            "license": "MIT",
            "dependencies": {
                "@floating-ui/dom": "^1.6.13",
                "@floating-ui/vue": "^1.1.6",
                "@internationalized/date": "^3.5.0",
                "@internationalized/number": "^3.5.0",
                "@tanstack/vue-virtual": "^3.12.0",
                "@vueuse/core": "^14.1.0",
                "@vueuse/shared": "^14.1.0",
                "aria-hidden": "^1.2.4",
                "defu": "^6.1.4",
                "ohash": "^2.0.11"
            },
            "peerDependencies": {
                "vue": ">= 3.2.0"
            }
        },
        "node_modules/sass": {
            "version": "1.97.3",
            "resolved": "https://registry.npmjs.org/sass/-/sass-1.97.3.tgz",
            "integrity": "sha512-fDz1zJpd5GycprAbu4Q2PV/RprsRtKC/0z82z0JLgdytmcq0+ujJbJ/09bPGDxCLkKY3Np5cRAOcWiVkLXJURg==",
            "dev": true,
            "license": "MIT",
            "dependencies": {
                "chokidar": "^4.0.0",
                "immutable": "^5.0.2",
                "source-map-js": ">=0.6.2 <2.0.0"
            },
            "bin": {
                "sass": "sass.js"
            },
            "engines": {
                "node": ">=14.0.0"
            },
            "optionalDependencies": {
                "@parcel/watcher": "^2.4.1"
            }
        },
        "node_modules/source-map-js": {
            "version": "1.2.1",
            "resolved": "https://registry.npmjs.org/source-map-js/-/source-map-js-1.2.1.tgz",
            "integrity": "sha512-UXWMKhLOwVKb728IUtQPXxfYU+usdybtUrK/8uGE8CQMvrhOpwvzDBwj0QhSL7MQc7vIsISBG8VQ8+IDQxpfQA==",
            "dev": true,
            "license": "BSD-3-Clause",
            "engines": {
                "node": ">=0.10.0"
            }
        },
        "node_modules/storybook": {
            "resolved": "../../node_modules/.pnpm/storybook@8.6.15/node_modules/storybook",
            "link": true
        },
        "node_modules/tailwind-merge": {
            "version": "2.6.1",
            "resolved": "https://registry.npmjs.org/tailwind-merge/-/tailwind-merge-2.6.1.tgz",
            "integrity": "sha512-Oo6tHdpZsGpkKG88HJ8RR1rg/RdnEkQEfMoEk2x1XRI3F1AxeU+ijRXpiVUF4UbLfcxxRGw6TbUINKYdWVsQTQ==",
            "license": "MIT",
            "funding": {
                "type": "github",
                "url": "https://github.com/sponsors/dcastil"
            }
        },
        "node_modules/tslib": {
            "version": "2.8.1",
            "resolved": "https://registry.npmjs.org/tslib/-/tslib-2.8.1.tgz",
            "integrity": "sha512-oJFu94HQb+KVduSUQL7wnpmqnfmLsOA/nAh6b6EH0wCEoK0/mPeXU6c3wKDV83MkOuHPRHtSXKKU99IBazS/2w==",
            "license": "0BSD"
        },
        "node_modules/vite": {
            "resolved": "../../node_modules/.pnpm/vite@6.4.1_@types+node@20.19.30_lightningcss@1.31.1_sass@1.97.3/node_modules/vite",
            "link": true
        },
        "node_modules/vue": {
            "resolved": "../../node_modules/.pnpm/vue@3.5.27_typescript@5.8.3/node_modules/vue",
            "link": true
        }
    }
}
